
Microsoft Visual Studio Solution File, Format Version 12.00
Project("{FAE04EC0-301F-11D3-BF4B-00C04F79EFBC}") = "Earnventory.API", "Earnventory.API\Earnventory.API.csproj", "{FAD29384-B321-4047-8FF2-D850F32DED34}"
EndProject
Project("{FAE04EC0-301F-11D3-BF4B-00C04F79EFBC}") = "Earnventory.Domain", "Earnventory.Domain\Earnventory.Domain.csproj", "{C781B6CF-EF89-40D2-996A-32F4615BB684}"
EndProject
Project("{FAE04EC0-301F-11D3-BF4B-00C04F79EFBC}") = "Earnventory.Services", "Earnventory.Services\Earnventory.Services.csproj", "{80B6CE8E-2282-4F9F-AC43-7C71E2625C65}"
EndProject
Global
	GlobalSection(SolutionConfigurationPlatforms) = preSolution
		Debug|Any CPU = Debug|Any CPU
		Release|Any CPU = Release|Any CPU
	EndGlobalSection
	GlobalSection(ProjectConfigurationPlatforms) = postSolution
		{FAD29384-B321-4047-8FF2-D850F32DED34}.Debug|Any CPU.ActiveCfg = Debug|Any CPU
		{FAD29384-B321-4047-8FF2-D850F32DED34}.Debug|Any CPU.Build.0 = Debug|Any CPU
		{FAD29384-B321-4047-8FF2-D850F32DED34}.Release|Any CPU.ActiveCfg = Release|Any CPU
		{FAD29384-B321-4047-8FF2-D850F32DED34}.Release|Any CPU.Build.0 = Release|Any CPU
		{C781B6CF-EF89-40D2-996A-32F4615BB684}.Debug|Any CPU.ActiveCfg = Debug|Any CPU
		{C781B6CF-EF89-40D2-996A-32F4615BB684}.Debug|Any CPU.Build.0 = Debug|Any CPU
		{C781B6CF-EF89-40D2-996A-32F4615BB684}.Release|Any CPU.ActiveCfg = Release|Any CPU
		{C781B6CF-EF89-40D2-996A-32F4615BB684}.Release|Any CPU.Build.0 = Release|Any CPU
		{80B6CE8E-2282-4F9F-AC43-7C71E2625C65}.Debug|Any CPU.ActiveCfg = Debug|Any CPU
		{80B6CE8E-2282-4F9F-AC43-7C71E2625C65}.Debug|Any CPU.Build.0 = Debug|Any CPU
		{80B6CE8E-2282-4F9F-AC43-7C71E2625C65}.Release|Any CPU.ActiveCfg = Release|Any CPU
		{80B6CE8E-2282-4F9F-AC43-7C71E2625C65}.Release|Any CPU.Build.0 = Release|Any CPU
	EndGlobalSection
EndGlobal
